
Microsoft Visual Studio Solution File, Format Version 12.00
# Visual Studio Version 17
VisualStudioVersion = 17.1.31915.259
MinimumVisualStudioVersion = 10.0.40219.1
Project("{9A19103F-16F7-4668-BE54-9A1E7A4F7556}") = "ConsoleApp7", "ConsoleApp7\ConsoleApp7.csproj", "{618671AD-BA1A-4EA6-B5D4-023CF6245FBB}"
EndProject
Project("{9A19103F-16F7-4668-BE54-9A1E7A4F7556}") = "ConsoleApp6", "..\Grepo-test2\ConsoleApp6\ConsoleApp6.csproj", "{84701E57-1E32-4759-9F4B-3EF759D37110}"
EndProject
Global
	GlobalSection(SolutionConfigurationPlatforms) = preSolution
		Debug|Any CPU = Debug|Any CPU
		Release|Any CPU = Release|Any CPU
	EndGlobalSection
	GlobalSection(ProjectConfigurationPlatforms) = postSolution
		{618671AD-BA1A-4EA6-B5D4-023CF6245FBB}.Debug|Any CPU.ActiveCfg = Debug|Any CPU
		{618671AD-BA1A-4EA6-B5D4-023CF6245FBB}.Debug|Any CPU.Build.0 = Debug|Any CPU
		{618671AD-BA1A-4EA6-B5D4-023CF6245FBB}.Release|Any CPU.ActiveCfg = Release|Any CPU
		{618671AD-BA1A-4EA6-B5D4-023CF6245FBB}.Release|Any CPU.Build.0 = Release|Any CPU
		{84701E57-1E32-4759-9F4B-3EF759D37110}.Debug|Any CPU.ActiveCfg = Debug|Any CPU
		{84701E57-1E32-4759-9F4B-3EF759D37110}.Debug|Any CPU.Build.0 = Debug|Any CPU
		{84701E57-1E32-4759-9F4B-3EF759D37110}.Release|Any CPU.ActiveCfg = Release|Any CPU
		{84701E57-1E32-4759-9F4B-3EF759D37110}.Release|Any CPU.Build.0 = Release|Any CPU
	EndGlobalSection
	GlobalSection(SolutionProperties) = preSolution
		HideSolutionNode = FALSE
	EndGlobalSection
	GlobalSection(ExtensibilityGlobals) = postSolution
		SolutionGuid = {BA792CEC-1635-41C0-8213-7749192BB7CE}
	EndGlobalSection
EndGlobal
